// !$*UTF8*$!
{
	archiveVersion = 1;
	classes = {
	};
	objectVersion = 56;
	objects = {

/* Begin PBXBuildFile section */
		A88D081A29C7DEED006CBEF0 /* ClewTwoApp.swift in Sources */ = {isa = PBXBuildFile; fileRef = A88D081929C7DEED006CBEF0 /* ClewTwoApp.swift */; };
		A88D081C29C7DEED006CBEF0 /* ContentView.swift in Sources */ = {isa = PBXBuildFile; fileRef = A88D081B29C7DEED006CBEF0 /* ContentView.swift */; };
		A88D081E29C7DEEE006CBEF0 /* Assets.xcassets in Resources */ = {isa = PBXBuildFile; fileRef = A88D081D29C7DEEE006CBEF0 /* Assets.xcassets */; };
		A88D082129C7DEEE006CBEF0 /* Preview Assets.xcassets in Resources */ = {isa = PBXBuildFile; fileRef = A88D082029C7DEEE006CBEF0 /* Preview Assets.xcassets */; };
		A88D082829C7DF6C006CBEF0 /* NavigateView.swift in Sources */ = {isa = PBXBuildFile; fileRef = A88D082729C7DF6C006CBEF0 /* NavigateView.swift */; };
		A88D082A29C7DF7B006CBEF0 /* RecordView.swift in Sources */ = {isa = PBXBuildFile; fileRef = A88D082929C7DF7B006CBEF0 /* RecordView.swift */; };
		A88D083029C7DFE8006CBEF0 /* MyRoutes.swift in Sources */ = {isa = PBXBuildFile; fileRef = A88D082F29C7DFE8006CBEF0 /* MyRoutes.swift */; };
		A88D083229C7E25D006CBEF0 /* MyRoutesView.swift in Sources */ = {isa = PBXBuildFile; fileRef = A88D083129C7E25D006CBEF0 /* MyRoutesView.swift */; };
/* End PBXBuildFile section */

/* Begin PBXFileReference section */
		A88D081629C7DEED006CBEF0 /* ClewTwo.app */ = {isa = PBXFileReference; explicitFileType = wrapper.application; includeInIndex = 0; path = ClewTwo.app; sourceTree = BUILT_PRODUCTS_DIR; };
		A88D081929C7DEED006CBEF0 /* ClewTwoApp.swift */ = {isa = PBXFileReference; lastKnownFileType = sourcecode.swift; path = ClewTwoApp.swift; sourceTree = "<group>"; };
		A88D081B29C7DEED006CBEF0 /* ContentView.swift */ = {isa = PBXFileReference; lastKnownFileType = sourcecode.swift; path = ContentView.swift; sourceTree = "<group>"; };
		A88D081D29C7DEEE006CBEF0 /* Assets.xcassets */ = {isa = PBXFileReference; lastKnownFileType = folder.assetcatalog; path = Assets.xcassets; sourceTree = "<group>"; };
		A88D082029C7DEEE006CBEF0 /* Preview Assets.xcassets */ = {isa = PBXFileReference; lastKnownFileType = folder.assetcatalog; path = "Preview Assets.xcassets"; sourceTree = "<group>"; };
		A88D082729C7DF6C006CBEF0 /* NavigateView.swift */ = {isa = PBXFileReference; lastKnownFileType = sourcecode.swift; path = NavigateView.swift; sourceTree = "<group>"; };
		A88D082929C7DF7B006CBEF0 /* RecordView.swift */ = {isa = PBXFileReference; lastKnownFileType = sourcecode.swift; path = RecordView.swift; sourceTree = "<group>"; };
		A88D082F29C7DFE8006CBEF0 /* MyRoutes.swift */ = {isa = PBXFileReference; lastKnownFileType = sourcecode.swift; path = MyRoutes.swift; sourceTree = "<group>"; };
		A88D083129C7E25D006CBEF0 /* MyRoutesView.swift */ = {isa = PBXFileReference; lastKnownFileType = sourcecode.swift; path = MyRoutesView.swift; sourceTree = "<group>"; };
/* End PBXFileReference section */

/* Begin PBXFrameworksBuildPhase section */
		A88D081329C7DEED006CBEF0 /* Frameworks */ = {
			isa = PBXFrameworksBuildPhase;
			buildActionMask = 2147483647;
			files = (
			);
			runOnlyForDeploymentPostprocessing = 0;
		};
/* End PBXFrameworksBuildPhase section */

/* Begin PBXGroup section */
		A88D080D29C7DEED006CBEF0 = {
			isa = PBXGroup;
			children = (
				A88D081829C7DEED006CBEF0 /* ClewTwo */,
				A88D081729C7DEED006CBEF0 /* Products */,
			);
			sourceTree = "<group>";
		};
		A88D081729C7DEED006CBEF0 /* Products */ = {
			isa = PBXGroup;
			children = (
				A88D081629C7DEED006CBEF0 /* ClewTwo.app */,
			);
			name = Products;
			sourceTree = "<group>";
		};
		A88D081829C7DEED006CBEF0 /* ClewTwo */ = {
			isa = PBXGroup;
			children = (
				A88D082D29C7DFC3006CBEF0 /* ViewModels */,
				A88D082C29C7DFB5006CBEF0 /* Views */,
				A88D082B29C7DFA9006CBEF0 /* Models */,
				A88D081929C7DEED006CBEF0 /* ClewTwoApp.swift */,
				A88D081D29C7DEEE006CBEF0 /* Assets.xcassets */,
				A88D081F29C7DEEE006CBEF0 /* Preview Content */,
			);
			path = ClewTwo;
			sourceTree = "<group>";
		};
		A88D081F29C7DEEE006CBEF0 /* Preview Content */ = {
			isa = PBXGroup;
			children = (
				A88D082029C7DEEE006CBEF0 /* Preview Assets.xcassets */,
			);
			path = "Preview Content";
			sourceTree = "<group>";
		};
		A88D082B29C7DFA9006CBEF0 /* Models */ = {
			isa = PBXGroup;
			children = (
				A88D082F29C7DFE8006CBEF0 /* MyRoutes.swift */,
			);
			path = Models;
			sourceTree = "<group>";
		};
		A88D082C29C7DFB5006CBEF0 /* Views */ = {
			isa = PBXGroup;
			children = (
				A88D081B29C7DEED006CBEF0 /* ContentView.swift */,
				A88D083129C7E25D006CBEF0 /* MyRoutesView.swift */,
				A88D082729C7DF6C006CBEF0 /* NavigateView.swift */,
				A88D082929C7DF7B006CBEF0 /* RecordView.swift */,
			);
			path = Views;
			sourceTree = "<group>";
		};
		A88D082D29C7DFC3006CBEF0 /* ViewModels */ = {
			isa = PBXGroup;
			children = (
			);
			path = ViewModels;
			sourceTree = "<group>";
		};
/* End PBXGroup section */

/* Begin PBXNativeTarget section */
		A88D081529C7DEED006CBEF0 /* ClewTwo */ = {
			isa = PBXNativeTarget;
			buildConfigurationList = A88D082429C7DEEE006CBEF0 /* Build configuration list for PBXNativeTarget "ClewTwo" */;
			buildPhases = (
				A88D081229C7DEED006CBEF0 /* Sources */,
				A88D081329C7DEED006CBEF0 /* Frameworks */,
				A88D081429C7DEED006CBEF0 /* Resources */,
			);
			buildRules = (
			);
			dependencies = (
			);
			name = ClewTwo;
			productName = ClewTwo;
			productReference = A88D081629C7DEED006CBEF0 /* ClewTwo.app */;
			productType = "com.apple.product-type.application";
		};
/* End PBXNativeTarget section */

/* Begin PBXProject section */
		A88D080E29C7DEED006CBEF0 /* Project object */ = {
			isa = PBXProject;
			attributes = {
				BuildIndependentTargetsInParallel = 1;
				LastSwiftUpdateCheck = 1420;
				LastUpgradeCheck = 1420;
				TargetAttributes = {
					A88D081529C7DEED006CBEF0 = {
						CreatedOnToolsVersion = 14.2;
					};
				};
			};
			buildConfigurationList = A88D081129C7DEED006CBEF0 /* Build configuration list for PBXProject "ClewTwo" */;
			compatibilityVersion = "Xcode 14.0";
			developmentRegion = en;
			hasScannedForEncodings = 0;
			knownRegions = (
				en,
				Base,
			);
			mainGroup = A88D080D29C7DEED006CBEF0;
			productRefGroup = A88D081729C7DEED006CBEF0 /* Products */;
			projectDirPath = "";
			projectRoot = "";
			targets = (
				A88D081529C7DEED006CBEF0 /* ClewTwo */,
			);
		};
/* End PBXProject section */

/* Begin PBXResourcesBuildPhase section */
		A88D081429C7DEED006CBEF0 /* Resources */ = {
			isa = PBXResourcesBuildPhase;
			buildActionMask = 2147483647;
			files = (
				A88D082129C7DEEE006CBEF0 /* Preview Assets.xcassets in Resources */,
				A88D081E29C7DEEE006CBEF0 /* Assets.xcassets in Resources */,
			);
			runOnlyForDeploymentPostprocessing = 0;
		};
/* End PBXResourcesBuildPhase section */

/* Begin PBXSourcesBuildPhase section */
		A88D081229C7DEED006CBEF0 /* Sources */ = {
			isa = PBXSourcesBuildPhase;
			buildActionMask = 2147483647;
			files = (
				A88D081C29C7DEED006CBEF0 /* ContentView.swift in Sources */,
				A88D082A29C7DF7B006CBEF0 /* RecordView.swift in Sources */,
				A88D083229C7E25D006CBEF0 /* MyRoutesView.swift in Sources */,
				A88D081A29C7DEED006CBEF0 /* ClewTwoApp.swift in Sources */,
				A88D082829C7DF6C006CBEF0 /* NavigateView.swift in Sources */,
				A88D083029C7DFE8006CBEF0 /* MyRoutes.swift in Sources */,
			);
			runOnlyForDeploymentPostprocessing = 0;
		};
/* End PBXSourcesBuildPhase section */

/* Begin XCBuildConfiguration section */
		A88D082229C7DEEE006CBEF0 /* Debug */ = {
			isa = XCBuildConfiguration;
			buildSettings = {
				ALWAYS_SEARCH_USER_PATHS = NO;
				CLANG_ANALYZER_NONNULL = YES;
				CLANG_ANALYZER_NUMBER_OBJECT_CONVERSION = YES_AGGRESSIVE;
				CLANG_CXX_LANGUAGE_STANDARD = "gnu++20";
				CLANG_ENABLE_MODULES = YES;
				CLANG_ENABLE_OBJC_ARC = YES;
				CLANG_ENABLE_OBJC_WEAK = YES;
				CLANG_WARN_BLOCK_CAPTURE_AUTORELEASING = YES;
				CLANG_WARN_BOOL_CONVERSION = YES;
				CLANG_WARN_COMMA = YES;
				CLANG_WARN_CONSTANT_CONVERSION = YES;
				CLANG_WARN_DEPRECATED_OBJC_IMPLEMENTATIONS = YES;
				CLANG_WARN_DIRECT_OBJC_ISA_USAGE = YES_ERROR;
				CLANG_WARN_DOCUMENTATION_COMMENTS = YES;
				CLANG_WARN_EMPTY_BODY = YES;
				CLANG_WARN_ENUM_CONVERSION = YES;
				CLANG_WARN_INFINITE_RECURSION = YES;
				CLANG_WARN_INT_CONVERSION = YES;
				CLANG_WARN_NON_LITERAL_NULL_CONVERSION = YES;
				CLANG_WARN_OBJC_IMPLICIT_RETAIN_SELF = YES;
				CLANG_WARN_OBJC_LITERAL_CONVERSION = YES;
				CLANG_WARN_OBJC_ROOT_CLASS = YES_ERROR;
				CLANG_WARN_QUOTED_INCLUDE_IN_FRAMEWORK_HEADER = YES;
				CLANG_WARN_RANGE_LOOP_ANALYSIS = YES;
				CLANG_WARN_STRICT_PROTOTYPES = YES;
				CLANG_WARN_SUSPICIOUS_MOVE = YES;
				CLANG_WARN_UNGUARDED_AVAILABILITY = YES_AGGRESSIVE;
				CLANG_WARN_UNREACHABLE_CODE = YES;
				CLANG_WARN__DUPLICATE_METHOD_MATCH = YES;
				COPY_PHASE_STRIP = NO;
				DEBUG_INFORMATION_FORMAT = dwarf;
				ENABLE_STRICT_OBJC_MSGSEND = YES;
				ENABLE_TESTABILITY = YES;
				GCC_C_LANGUAGE_STANDARD = gnu11;
				GCC_DYNAMIC_NO_PIC = NO;
				GCC_NO_COMMON_BLOCKS = YES;
				GCC_OPTIMIZATION_LEVEL = 0;
				GCC_PREPROCESSOR_DEFINITIONS = (
					"DEBUG=1",
					"$(inherited)",
				);
				GCC_WARN_64_TO_32_BIT_CONVERSION = YES;
				GCC_WARN_ABOUT_RETURN_TYPE = YES_ERROR;
				GCC_WARN_UNDECLARED_SELECTOR = YES;
				GCC_WARN_UNINITIALIZED_AUTOS = YES_AGGRESSIVE;
				GCC_WARN_UNUSED_FUNCTION = YES;
				GCC_WARN_UNUSED_VARIABLE = YES;
				IPHONEOS_DEPLOYMENT_TARGET = 16.2;
				MTL_ENABLE_DEBUG_INFO = INCLUDE_SOURCE;
				MTL_FAST_MATH = YES;
				ONLY_ACTIVE_ARCH = YES;
				SDKROOT = iphoneos;
				SWIFT_ACTIVE_COMPILATION_CONDITIONS = DEBUG;
				SWIFT_OPTIMIZATION_LEVEL = "-Onone";
			};
			name = Debug;
		};
		A88D082329C7DEEE006CBEF0 /* Release */ = {
			isa = XCBuildConfiguration;
			buildSettings = {
				ALWAYS_SEARCH_USER_PATHS = NO;
				CLANG_ANALYZER_NONNULL = YES;
				CLANG_ANALYZER_NUMBER_OBJECT_CONVERSION = YES_AGGRESSIVE;
				CLANG_CXX_LANGUAGE_STANDARD = "gnu++20";
				CLANG_ENABLE_MODULES = YES;
				CLANG_ENABLE_OBJC_ARC = YES;
				CLANG_ENABLE_OBJC_WEAK = YES;
				CLANG_WARN_BLOCK_CAPTURE_AUTORELEASING = YES;
				CLANG_WARN_BOOL_CONVERSION = YES;
				CLANG_WARN_COMMA = YES;
				CLANG_WARN_CONSTANT_CONVERSION = YES;
				CLANG_WARN_DEPRECATED_OBJC_IMPLEMENTATIONS = YES;
				CLANG_WARN_DIRECT_OBJC_ISA_USAGE = YES_ERROR;
				CLANG_WARN_DOCUMENTATION_COMMENTS = YES;
				CLANG_WARN_EMPTY_BODY = YES;
				CLANG_WARN_ENUM_CONVERSION = YES;
				CLANG_WARN_INFINITE_RECURSION = YES;
				CLANG_WARN_INT_CONVERSION = YES;
				CLANG_WARN_NON_LITERAL_NULL_CONVERSION = YES;
				CLANG_WARN_OBJC_IMPLICIT_RETAIN_SELF = YES;
				CLANG_WARN_OBJC_LITERAL_CONVERSION = YES;
				CLANG_WARN_OBJC_ROOT_CLASS = YES_ERROR;
				CLANG_WARN_QUOTED_INCLUDE_IN_FRAMEWORK_HEADER = YES;
				CLANG_WARN_RANGE_LOOP_ANALYSIS = YES;
				CLANG_WARN_STRICT_PROTOTYPES = YES;
				CLANG_WARN_SUSPICIOUS_MOVE = YES;
				CLANG_WARN_UNGUARDED_AVAILABILITY = YES_AGGRESSIVE;
				CLANG_WARN_UNREACHABLE_CODE = YES;
				CLANG_WARN__DUPLICATE_METHOD_MATCH = YES;
				COPY_PHASE_STRIP = NO;
				DEBUG_INFORMATION_FORMAT = "dwarf-with-dsym";
				ENABLE_NS_ASSERTIONS = NO;
				ENABLE_STRICT_OBJC_MSGSEND = YES;
				GCC_C_LANGUAGE_STANDARD = gnu11;
				GCC_NO_COMMON_BLOCKS = YES;
				GCC_WARN_64_TO_32_BIT_CONVERSION = YES;
				GCC_WARN_ABOUT_RETURN_TYPE = YES_ERROR;
				GCC_WARN_UNDECLARED_SELECTOR = YES;
				GCC_WARN_UNINITIALIZED_AUTOS = YES_AGGRESSIVE;
				GCC_WARN_UNUSED_FUNCTION = YES;
				GCC_WARN_UNUSED_VARIABLE = YES;
				IPHONEOS_DEPLOYMENT_TARGET = 16.2;
				MTL_ENABLE_DEBUG_INFO = NO;
				MTL_FAST_MATH = YES;
				SDKROOT = iphoneos;
				SWIFT_COMPILATION_MODE = wholemodule;
				SWIFT_OPTIMIZATION_LEVEL = "-O";
				VALIDATE_PRODUCT = YES;
			};
			name = Release;
		};
		A88D082529C7DEEE006CBEF0 /* Debug */ = {
			isa = XCBuildConfiguration;
			buildSettings = {
				ASSETCATALOG_COMPILER_APPICON_NAME = AppIcon;
				ASSETCATALOG_COMPILER_GLOBAL_ACCENT_COLOR_NAME = AccentColor;
				CODE_SIGN_STYLE = Automatic;
				CURRENT_PROJECT_VERSION = 1;
				DEVELOPMENT_ASSET_PATHS = "\"ClewTwo/Preview Content\"";
				DEVELOPMENT_TEAM = WNX6LNFDXA;
				ENABLE_PREVIEWS = YES;
				GENERATE_INFOPLIST_FILE = YES;
				INFOPLIST_KEY_UIApplicationSceneManifest_Generation = YES;
				INFOPLIST_KEY_UIApplicationSupportsIndirectInputEvents = YES;
				INFOPLIST_KEY_UILaunchScreen_Generation = YES;
				INFOPLIST_KEY_UISupportedInterfaceOrientations_iPad = "UIInterfaceOrientationPortrait UIInterfaceOrientationPortraitUpsideDown UIInterfaceOrientationLandscapeLeft UIInterfaceOrientationLandscapeRight";
				INFOPLIST_KEY_UISupportedInterfaceOrientations_iPhone = "UIInterfaceOrientationPortrait UIInterfaceOrientationLandscapeLeft UIInterfaceOrientationLandscapeRight";
				LD_RUNPATH_SEARCH_PATHS = (
					"$(inherited)",
					"@executable_path/Frameworks",
				);
				MARKETING_VERSION = 1.0;
				PRODUCT_BUNDLE_IDENTIFIER = "com.evelyn-kessler.ClewTwo";
				PRODUCT_NAME = "$(TARGET_NAME)";
				SWIFT_EMIT_LOC_STRINGS = YES;
				SWIFT_VERSION = 5.0;
				TARGETED_DEVICE_FAMILY = "1,2";
			};
			name = Debug;
		};
		A88D082629C7DEEE006CBEF0 /* Release */ = {
			isa = XCBuildConfiguration;
			buildSettings = {
				ASSETCATALOG_COMPILER_APPICON_NAME = AppIcon;
				ASSETCATALOG_COMPILER_GLOBAL_ACCENT_COLOR_NAME = AccentColor;
				CODE_SIGN_STYLE = Automatic;
				CURRENT_PROJECT_VERSION = 1;
				DEVELOPMENT_ASSET_PATHS = "\"ClewTwo/Preview Content\"";
				DEVELOPMENT_TEAM = WNX6LNFDXA;
				ENABLE_PREVIEWS = YES;
				GENERATE_INFOPLIST_FILE = YES;
				INFOPLIST_KEY_UIApplicationSceneManifest_Generation = YES;
				INFOPLIST_KEY_UIApplicationSupportsIndirectInputEvents = YES;
				INFOPLIST_KEY_UILaunchScreen_Generation = YES;
				INFOPLIST_KEY_UISupportedInterfaceOrientations_iPad = "UIInterfaceOrientationPortrait UIInterfaceOrientationPortraitUpsideDown UIInterfaceOrientationLandscapeLeft UIInterfaceOrientationLandscapeRight";
				INFOPLIST_KEY_UISupportedInterfaceOrientations_iPhone = "UIInterfaceOrientationPortrait UIInterfaceOrientationLandscapeLeft UIInterfaceOrientationLandscapeRight";
				LD_RUNPATH_SEARCH_PATHS = (
					"$(inherited)",
					"@executable_path/Frameworks",
				);
				MARKETING_VERSION = 1.0;
				PRODUCT_BUNDLE_IDENTIFIER = "com.evelyn-kessler.ClewTwo";
				PRODUCT_NAME = "$(TARGET_NAME)";
				SWIFT_EMIT_LOC_STRINGS = YES;
				SWIFT_VERSION = 5.0;
				TARGETED_DEVICE_FAMILY = "1,2";
			};
			name = Release;
		};
/* End XCBuildConfiguration section */

/* Begin XCConfigurationList section */
		A88D081129C7DEED006CBEF0 /* Build configuration list for PBXProject "ClewTwo" */ = {
			isa = XCConfigurationList;
			buildConfigurations = (
				A88D082229C7DEEE006CBEF0 /* Debug */,
				A88D082329C7DEEE006CBEF0 /* Release */,
			);
			defaultConfigurationIsVisible = 0;
			defaultConfigurationName = Release;
		};
		A88D082429C7DEEE006CBEF0 /* Build configuration list for PBXNativeTarget "ClewTwo" */ = {
			isa = XCConfigurationList;
			buildConfigurations = (
				A88D082529C7DEEE006CBEF0 /* Debug */,
				A88D082629C7DEEE006CBEF0 /* Release */,
			);
			defaultConfigurationIsVisible = 0;
			defaultConfigurationName = Release;
		};
/* End XCConfigurationList section */
	};
	rootObject = A88D080E29C7DEED006CBEF0 /* Project object */;
}
